
Microsoft Visual Studio Solution File, Format Version 12.00
# Visual Studio 2012
Project("{FAE04EC0-301F-11D3-BF4B-00C04F79EFBC}") = "SimpleValidation", "SimpleValidation\SimpleValidation.csproj", "{A0B613F4-BC2B-4873-82F0-74FBA0CB9C7C}"
EndProject
Project("{FAE04EC0-301F-11D3-BF4B-00C04F79EFBC}") = "SimpleValidation.Tests", "SimpleValidation.Tests\SimpleValidation.Tests.csproj", "{45C7BE23-746E-4166-98C7-519B12B77B80}"
EndProject
Project("{2150E333-8FDC-42A3-9474-1A3956D46DE8}") = ".readme", ".readme", "{FEE719A3-7746-4301-9B42-43FA9FAC09BA}"
	ProjectSection(SolutionItems) = preProject
		README.md = README.md
	EndProjectSection
EndProject
Global
	GlobalSection(SolutionConfigurationPlatforms) = preSolution
		Debug|Any CPU = Debug|Any CPU
		Release|Any CPU = Release|Any CPU
	EndGlobalSection
	GlobalSection(ProjectConfigurationPlatforms) = postSolution
		{A0B613F4-BC2B-4873-82F0-74FBA0CB9C7C}.Debug|Any CPU.ActiveCfg = Debug|Any CPU
		{A0B613F4-BC2B-4873-82F0-74FBA0CB9C7C}.Debug|Any CPU.Build.0 = Debug|Any CPU
		{A0B613F4-BC2B-4873-82F0-74FBA0CB9C7C}.Release|Any CPU.ActiveCfg = Release|Any CPU
		{A0B613F4-BC2B-4873-82F0-74FBA0CB9C7C}.Release|Any CPU.Build.0 = Release|Any CPU
		{45C7BE23-746E-4166-98C7-519B12B77B80}.Debug|Any CPU.ActiveCfg = Debug|Any CPU
		{45C7BE23-746E-4166-98C7-519B12B77B80}.Debug|Any CPU.Build.0 = Debug|Any CPU
		{45C7BE23-746E-4166-98C7-519B12B77B80}.Release|Any CPU.ActiveCfg = Release|Any CPU
		{45C7BE23-746E-4166-98C7-519B12B77B80}.Release|Any CPU.Build.0 = Release|Any CPU
	EndGlobalSection
	GlobalSection(SolutionProperties) = preSolution
		HideSolutionNode = FALSE
	EndGlobalSection
EndGlobal
